// !$*UTF8*$!
{
	archiveVersion = 1;
	classes = {
	};
	objectVersion = 46;
	objects = {

/* Begin PBXBuildFile section */
		300FC75A1A0AD13800DA146C /* main.m in Sources */ = {isa = PBXBuildFile; fileRef = 300FC7591A0AD13800DA146C /* main.m */; };
		300FC75D1A0AD13800DA146C /* AppDelegate.m in Sources */ = {isa = PBXBuildFile; fileRef = 300FC75C1A0AD13800DA146C /* AppDelegate.m */; };
		300FC7601A0AD13800DA146C /* ViewController.m in Sources */ = {isa = PBXBuildFile; fileRef = 300FC75F1A0AD13800DA146C /* ViewController.m */; };
		300FC7631A0AD13800DA146C /* Main.storyboard in Resources */ = {isa = PBXBuildFile; fileRef = 300FC7611A0AD13800DA146C /* Main.storyboard */; };
		300FC7651A0AD13800DA146C /* Images.xcassets in Resources */ = {isa = PBXBuildFile; fileRef = 300FC7641A0AD13800DA146C /* Images.xcassets */; };
		300FC7681A0AD13800DA146C /* LaunchScreen.xib in Resources */ = {isa = PBXBuildFile; fileRef = 300FC7661A0AD13800DA146C /* LaunchScreen.xib */; };
		300FC7741A0AD13800DA146C /* InstantSynchTests.m in Sources */ = {isa = PBXBuildFile; fileRef = 300FC7731A0AD13800DA146C /* InstantSynchTests.m */; };
		301795321A0BDFBC00141A80 /* BackgroundNoise.png in Resources */ = {isa = PBXBuildFile; fileRef = 301795311A0BDFBC00141A80 /* BackgroundNoise.png */; };
		3017953C1A0C025900141A80 /* AVKit.framework in Frameworks */ = {isa = PBXBuildFile; fileRef = 3017953B1A0C025900141A80 /* AVKit.framework */; };
		3017953E1A0C025E00141A80 /* AVFoundation.framework in Frameworks */ = {isa = PBXBuildFile; fileRef = 3017953D1A0C025E00141A80 /* AVFoundation.framework */; };
		301795451A0C09E100141A80 /* YTPlayerView-iframe-player.html in Resources */ = {isa = PBXBuildFile; fileRef = 301795411A0C09E100141A80 /* YTPlayerView-iframe-player.html */; };
		301795461A0C09E100141A80 /* YTPlayerView.m in Sources */ = {isa = PBXBuildFile; fileRef = 301795441A0C09E100141A80 /* YTPlayerView.m */; };
		301795491A0C0AAC00141A80 /* PlayerViewController.m in Sources */ = {isa = PBXBuildFile; fileRef = 301795481A0C0AAC00141A80 /* PlayerViewController.m */; };
		3044001B1A0D39A700CE7DE0 /* Pause.png in Resources */ = {isa = PBXBuildFile; fileRef = 304400191A0D39A700CE7DE0 /* Pause.png */; };
		3044001C1A0D39A700CE7DE0 /* Play.png in Resources */ = {isa = PBXBuildFile; fileRef = 3044001A1A0D39A700CE7DE0 /* Play.png */; };
		3044001E1A0D39B200CE7DE0 /* FastFoward.png in Resources */ = {isa = PBXBuildFile; fileRef = 3044001D1A0D39B200CE7DE0 /* FastFoward.png */; };
/* End PBXBuildFile section */

/* Begin PBXContainerItemProxy section */
		300FC76E1A0AD13800DA146C /* PBXContainerItemProxy */ = {
			isa = PBXContainerItemProxy;
			containerPortal = 300FC74C1A0AD13800DA146C /* Project object */;
			proxyType = 1;
			remoteGlobalIDString = 300FC7531A0AD13800DA146C;
			remoteInfo = InstantSynch;
		};
/* End PBXContainerItemProxy section */

/* Begin PBXFileReference section */
		300FC7541A0AD13800DA146C /* InstantSynch.app */ = {isa = PBXFileReference; explicitFileType = wrapper.application; includeInIndex = 0; path = InstantSynch.app; sourceTree = BUILT_PRODUCTS_DIR; };
		300FC7581A0AD13800DA146C /* Info.plist */ = {isa = PBXFileReference; lastKnownFileType = text.plist.xml; path = Info.plist; sourceTree = "<group>"; };
		300FC7591A0AD13800DA146C /* main.m */ = {isa = PBXFileReference; lastKnownFileType = sourcecode.c.objc; path = main.m; sourceTree = "<group>"; };
		300FC75B1A0AD13800DA146C /* AppDelegate.h */ = {isa = PBXFileReference; lastKnownFileType = sourcecode.c.h; path = AppDelegate.h; sourceTree = "<group>"; };
		300FC75C1A0AD13800DA146C /* AppDelegate.m */ = {isa = PBXFileReference; lastKnownFileType = sourcecode.c.objc; path = AppDelegate.m; sourceTree = "<group>"; };
		300FC75E1A0AD13800DA146C /* ViewController.h */ = {isa = PBXFileReference; lastKnownFileType = sourcecode.c.h; path = ViewController.h; sourceTree = "<group>"; };
		300FC75F1A0AD13800DA146C /* ViewController.m */ = {isa = PBXFileReference; lastKnownFileType = sourcecode.c.objc; path = ViewController.m; sourceTree = "<group>"; };
		300FC7621A0AD13800DA146C /* Base */ = {isa = PBXFileReference; lastKnownFileType = file.storyboard; name = Base; path = Base.lproj/Main.storyboard; sourceTree = "<group>"; };
		300FC7641A0AD13800DA146C /* Images.xcassets */ = {isa = PBXFileReference; lastKnownFileType = folder.assetcatalog; path = Images.xcassets; sourceTree = "<group>"; };
		300FC7671A0AD13800DA146C /* Base */ = {isa = PBXFileReference; lastKnownFileType = file.xib; name = Base; path = Base.lproj/LaunchScreen.xib; sourceTree = "<group>"; };
		300FC76D1A0AD13800DA146C /* InstantSynchTests.xctest */ = {isa = PBXFileReference; explicitFileType = wrapper.cfbundle; includeInIndex = 0; path = InstantSynchTests.xctest; sourceTree = BUILT_PRODUCTS_DIR; };
		300FC7721A0AD13800DA146C /* Info.plist */ = {isa = PBXFileReference; lastKnownFileType = text.plist.xml; path = Info.plist; sourceTree = "<group>"; };
		300FC7731A0AD13800DA146C /* InstantSynchTests.m */ = {isa = PBXFileReference; lastKnownFileType = sourcecode.c.objc; path = InstantSynchTests.m; sourceTree = "<group>"; };
		301795311A0BDFBC00141A80 /* BackgroundNoise.png */ = {isa = PBXFileReference; lastKnownFileType = image.png; path = BackgroundNoise.png; sourceTree = "<group>"; };
		3017953B1A0C025900141A80 /* AVKit.framework */ = {isa = PBXFileReference; lastKnownFileType = wrapper.framework; name = AVKit.framework; path = System/Library/Frameworks/AVKit.framework; sourceTree = SDKROOT; };
		3017953D1A0C025E00141A80 /* AVFoundation.framework */ = {isa = PBXFileReference; lastKnownFileType = wrapper.framework; name = AVFoundation.framework; path = System/Library/Frameworks/AVFoundation.framework; sourceTree = SDKROOT; };
		301795411A0C09E100141A80 /* YTPlayerView-iframe-player.html */ = {isa = PBXFileReference; fileEncoding = 4; lastKnownFileType = text.html; path = "YTPlayerView-iframe-player.html"; sourceTree = "<group>"; };
		301795431A0C09E100141A80 /* YTPlayerView.h */ = {isa = PBXFileReference; fileEncoding = 4; lastKnownFileType = sourcecode.c.h; path = YTPlayerView.h; sourceTree = "<group>"; };
		301795441A0C09E100141A80 /* YTPlayerView.m */ = {isa = PBXFileReference; fileEncoding = 4; lastKnownFileType = sourcecode.c.objc; path = YTPlayerView.m; sourceTree = "<group>"; };
		301795471A0C0AAC00141A80 /* PlayerViewController.h */ = {isa = PBXFileReference; fileEncoding = 4; lastKnownFileType = sourcecode.c.h; path = PlayerViewController.h; sourceTree = "<group>"; };
		301795481A0C0AAC00141A80 /* PlayerViewController.m */ = {isa = PBXFileReference; fileEncoding = 4; lastKnownFileType = sourcecode.c.objc; path = PlayerViewController.m; sourceTree = "<group>"; };
		304400191A0D39A700CE7DE0 /* Pause.png */ = {isa = PBXFileReference; lastKnownFileType = image.png; path = Pause.png; sourceTree = "<group>"; };
		3044001A1A0D39A700CE7DE0 /* Play.png */ = {isa = PBXFileReference; lastKnownFileType = image.png; path = Play.png; sourceTree = "<group>"; };
		3044001D1A0D39B200CE7DE0 /* FastFoward.png */ = {isa = PBXFileReference; lastKnownFileType = image.png; path = FastFoward.png; sourceTree = "<group>"; };
/* End PBXFileReference section */

/* Begin PBXFrameworksBuildPhase section */
		300FC7511A0AD13800DA146C /* Frameworks */ = {
			isa = PBXFrameworksBuildPhase;
			buildActionMask = 2147483647;
			files = (
				3017953E1A0C025E00141A80 /* AVFoundation.framework in Frameworks */,
				3017953C1A0C025900141A80 /* AVKit.framework in Frameworks */,
			);
			runOnlyForDeploymentPostprocessing = 0;
		};
		300FC76A1A0AD13800DA146C /* Frameworks */ = {
			isa = PBXFrameworksBuildPhase;
			buildActionMask = 2147483647;
			files = (
			);
			runOnlyForDeploymentPostprocessing = 0;
		};
/* End PBXFrameworksBuildPhase section */

/* Begin PBXGroup section */
		300FC74B1A0AD13800DA146C = {
			isa = PBXGroup;
			children = (
				3017953D1A0C025E00141A80 /* AVFoundation.framework */,
				3017953B1A0C025900141A80 /* AVKit.framework */,
				300FC7561A0AD13800DA146C /* InstantSynch */,
				300FC7701A0AD13800DA146C /* InstantSynchTests */,
				300FC7551A0AD13800DA146C /* Products */,
			);
			sourceTree = "<group>";
		};
		300FC7551A0AD13800DA146C /* Products */ = {
			isa = PBXGroup;
			children = (
				300FC7541A0AD13800DA146C /* InstantSynch.app */,
				300FC76D1A0AD13800DA146C /* InstantSynchTests.xctest */,
			);
			name = Products;
			sourceTree = "<group>";
		};
		300FC7561A0AD13800DA146C /* InstantSynch */ = {
			isa = PBXGroup;
			children = (
				300FC75B1A0AD13800DA146C /* AppDelegate.h */,
				300FC75C1A0AD13800DA146C /* AppDelegate.m */,
				301795471A0C0AAC00141A80 /* PlayerViewController.h */,
				301795481A0C0AAC00141A80 /* PlayerViewController.m */,
				300FC75E1A0AD13800DA146C /* ViewController.h */,
				300FC75F1A0AD13800DA146C /* ViewController.m */,
				300FC7611A0AD13800DA146C /* Main.storyboard */,
				300FC7641A0AD13800DA146C /* Images.xcassets */,
				300FC7661A0AD13800DA146C /* LaunchScreen.xib */,
				301795301A0BDFA100141A80 /* Images */,
				300FC7571A0AD13800DA146C /* Supporting Files */,
				3017953F1A0C09E100141A80 /* Youtube */,
			);
			path = InstantSynch;
			sourceTree = "<group>";
		};
		300FC7571A0AD13800DA146C /* Supporting Files */ = {
			isa = PBXGroup;
			children = (
				300FC7581A0AD13800DA146C /* Info.plist */,
				300FC7591A0AD13800DA146C /* main.m */,
			);
			name = "Supporting Files";
			sourceTree = "<group>";
		};
		300FC7701A0AD13800DA146C /* InstantSynchTests */ = {
			isa = PBXGroup;
			children = (
				300FC7731A0AD13800DA146C /* InstantSynchTests.m */,
				300FC7711A0AD13800DA146C /* Supporting Files */,
			);
			path = InstantSynchTests;
			sourceTree = "<group>";
		};
		300FC7711A0AD13800DA146C /* Supporting Files */ = {
			isa = PBXGroup;
			children = (
				300FC7721A0AD13800DA146C /* Info.plist */,
			);
			name = "Supporting Files";
			sourceTree = "<group>";
		};
		301795301A0BDFA100141A80 /* Images */ = {
			isa = PBXGroup;
			children = (
				3044001D1A0D39B200CE7DE0 /* FastFoward.png */,
				304400191A0D39A700CE7DE0 /* Pause.png */,
				3044001A1A0D39A700CE7DE0 /* Play.png */,
				301795311A0BDFBC00141A80 /* BackgroundNoise.png */,
			);
			name = Images;
			sourceTree = "<group>";
		};
		3017953F1A0C09E100141A80 /* Youtube */ = {
			isa = PBXGroup;
			children = (
				301795401A0C09E100141A80 /* Assets */,
				301795421A0C09E100141A80 /* Classes */,
			);
			path = Youtube;
			sourceTree = "<group>";
		};
		301795401A0C09E100141A80 /* Assets */ = {
			isa = PBXGroup;
			children = (
				301795411A0C09E100141A80 /* YTPlayerView-iframe-player.html */,
			);
			path = Assets;
			sourceTree = "<group>";
		};
		301795421A0C09E100141A80 /* Classes */ = {
			isa = PBXGroup;
			children = (
				301795431A0C09E100141A80 /* YTPlayerView.h */,
				301795441A0C09E100141A80 /* YTPlayerView.m */,
			);
			path = Classes;
			sourceTree = "<group>";
		};
/* End PBXGroup section */

/* Begin PBXNativeTarget section */
		300FC7531A0AD13800DA146C /* InstantSynch */ = {
			isa = PBXNativeTarget;
			buildConfigurationList = 300FC7771A0AD13800DA146C /* Build configuration list for PBXNativeTarget "InstantSynch" */;
			buildPhases = (
				300FC7501A0AD13800DA146C /* Sources */,
				300FC7511A0AD13800DA146C /* Frameworks */,
				300FC7521A0AD13800DA146C /* Resources */,
			);
			buildRules = (
			);
			dependencies = (
			);
			name = InstantSynch;
			productName = InstantSynch;
			productReference = 300FC7541A0AD13800DA146C /* InstantSynch.app */;
			productType = "com.apple.product-type.application";
		};
		300FC76C1A0AD13800DA146C /* InstantSynchTests */ = {
			isa = PBXNativeTarget;
			buildConfigurationList = 300FC77A1A0AD13800DA146C /* Build configuration list for PBXNativeTarget "InstantSynchTests" */;
			buildPhases = (
				300FC7691A0AD13800DA146C /* Sources */,
				300FC76A1A0AD13800DA146C /* Frameworks */,
				300FC76B1A0AD13800DA146C /* Resources */,
			);
			buildRules = (
			);
			dependencies = (
				300FC76F1A0AD13800DA146C /* PBXTargetDependency */,
			);
			name = InstantSynchTests;
			productName = InstantSynchTests;
			productReference = 300FC76D1A0AD13800DA146C /* InstantSynchTests.xctest */;
			productType = "com.apple.product-type.bundle.unit-test";
		};
/* End PBXNativeTarget section */

/* Begin PBXProject section */
		300FC74C1A0AD13800DA146C /* Project object */ = {
			isa = PBXProject;
			attributes = {
				LastUpgradeCheck = 0610;
				ORGANIZATIONNAME = "Daniel Swain Jr";
				TargetAttributes = {
					300FC7531A0AD13800DA146C = {
						CreatedOnToolsVersion = 6.1;
					};
					300FC76C1A0AD13800DA146C = {
						CreatedOnToolsVersion = 6.1;
						TestTargetID = 300FC7531A0AD13800DA146C;
					};
				};
			};
			buildConfigurationList = 300FC74F1A0AD13800DA146C /* Build configuration list for PBXProject "InstantSynch" */;
			compatibilityVersion = "Xcode 3.2";
			developmentRegion = English;
			hasScannedForEncodings = 0;
			knownRegions = (
				en,
				Base,
			);
			mainGroup = 300FC74B1A0AD13800DA146C;
			productRefGroup = 300FC7551A0AD13800DA146C /* Products */;
			projectDirPath = "";
			projectRoot = "";
			targets = (
				300FC7531A0AD13800DA146C /* InstantSynch */,
				300FC76C1A0AD13800DA146C /* InstantSynchTests */,
			);
		};
/* End PBXProject section */

/* Begin PBXResourcesBuildPhase section */
		300FC7521A0AD13800DA146C /* Resources */ = {
			isa = PBXResourcesBuildPhase;
			buildActionMask = 2147483647;
			files = (
				3044001B1A0D39A700CE7DE0 /* Pause.png in Resources */,
				301795321A0BDFBC00141A80 /* BackgroundNoise.png in Resources */,
				3044001E1A0D39B200CE7DE0 /* FastFoward.png in Resources */,
				300FC7631A0AD13800DA146C /* Main.storyboard in Resources */,
				300FC7681A0AD13800DA146C /* LaunchScreen.xib in Resources */,
				3044001C1A0D39A700CE7DE0 /* Play.png in Resources */,
				300FC7651A0AD13800DA146C /* Images.xcassets in Resources */,
				301795451A0C09E100141A80 /* YTPlayerView-iframe-player.html in Resources */,
			);
			runOnlyForDeploymentPostprocessing = 0;
		};
		300FC76B1A0AD13800DA146C /* Resources */ = {
			isa = PBXResourcesBuildPhase;
			buildActionMask = 2147483647;
			files = (
			);
			runOnlyForDeploymentPostprocessing = 0;
		};
/* End PBXResourcesBuildPhase section */

/* Begin PBXSourcesBuildPhase section */
		300FC7501A0AD13800DA146C /* Sources */ = {
			isa = PBXSourcesBuildPhase;
			buildActionMask = 2147483647;
			files = (
				300FC7601A0AD13800DA146C /* ViewController.m in Sources */,
				300FC75D1A0AD13800DA146C /* AppDelegate.m in Sources */,
				301795461A0C09E100141A80 /* YTPlayerView.m in Sources */,
				300FC75A1A0AD13800DA146C /* main.m in Sources */,
				301795491A0C0AAC00141A80 /* PlayerViewController.m in Sources */,
			);
			runOnlyForDeploymentPostprocessing = 0;
		};
		300FC7691A0AD13800DA146C /* Sources */ = {
			isa = PBXSourcesBuildPhase;
			buildActionMask = 2147483647;
			files = (
				300FC7741A0AD13800DA146C /* InstantSynchTests.m in Sources */,
			);
			runOnlyForDeploymentPostprocessing = 0;
		};
/* End PBXSourcesBuildPhase section */

/* Begin PBXTargetDependency section */
		300FC76F1A0AD13800DA146C /* PBXTargetDependency */ = {
			isa = PBXTargetDependency;
			target = 300FC7531A0AD13800DA146C /* InstantSynch */;
			targetProxy = 300FC76E1A0AD13800DA146C /* PBXContainerItemProxy */;
		};
/* End PBXTargetDependency section */

/* Begin PBXVariantGroup section */
		300FC7611A0AD13800DA146C /* Main.storyboard */ = {
			isa = PBXVariantGroup;
			children = (
				300FC7621A0AD13800DA146C /* Base */,
			);
			name = Main.storyboard;
			sourceTree = "<group>";
		};
		300FC7661A0AD13800DA146C /* LaunchScreen.xib */ = {
			isa = PBXVariantGroup;
			children = (
				300FC7671A0AD13800DA146C /* Base */,
			);
			name = LaunchScreen.xib;
			sourceTree = "<group>";
		};
/* End PBXVariantGroup section */

/* Begin XCBuildConfiguration section */
		300FC7751A0AD13800DA146C /* Debug */ = {
			isa = XCBuildConfiguration;
			buildSettings = {
				ALWAYS_SEARCH_USER_PATHS = NO;
				CLANG_CXX_LANGUAGE_STANDARD = "gnu++0x";
				CLANG_CXX_LIBRARY = "libc++";
				CLANG_ENABLE_MODULES = YES;
				CLANG_ENABLE_OBJC_ARC = YES;
				CLANG_WARN_BOOL_CONVERSION = YES;
				CLANG_WARN_CONSTANT_CONVERSION = YES;
				CLANG_WARN_DIRECT_OBJC_ISA_USAGE = YES_ERROR;
				CLANG_WARN_EMPTY_BODY = YES;
				CLANG_WARN_ENUM_CONVERSION = YES;
				CLANG_WARN_INT_CONVERSION = YES;
				CLANG_WARN_OBJC_ROOT_CLASS = YES_ERROR;
				CLANG_WARN_UNREACHABLE_CODE = YES;
				CLANG_WARN__DUPLICATE_METHOD_MATCH = YES;
				"CODE_SIGN_IDENTITY[sdk=iphoneos*]" = "iPhone Developer";
				COPY_PHASE_STRIP = NO;
				ENABLE_STRICT_OBJC_MSGSEND = YES;
				GCC_C_LANGUAGE_STANDARD = gnu99;
				GCC_DYNAMIC_NO_PIC = NO;
				GCC_OPTIMIZATION_LEVEL = 0;
				GCC_PREPROCESSOR_DEFINITIONS = (
					"DEBUG=1",
					"$(inherited)",
				);
				GCC_SYMBOLS_PRIVATE_EXTERN = NO;
				GCC_WARN_64_TO_32_BIT_CONVERSION = YES;
				GCC_WARN_ABOUT_RETURN_TYPE = YES_ERROR;
				GCC_WARN_UNDECLARED_SELECTOR = YES;
				GCC_WARN_UNINITIALIZED_AUTOS = YES_AGGRESSIVE;
				GCC_WARN_UNUSED_FUNCTION = YES;
				GCC_WARN_UNUSED_VARIABLE = YES;
				IPHONEOS_DEPLOYMENT_TARGET = 8.1;
				MTL_ENABLE_DEBUG_INFO = YES;
				ONLY_ACTIVE_ARCH = YES;
				SDKROOT = iphoneos;
				TARGETED_DEVICE_FAMILY = 2;
			};
			name = Debug;
		};
		300FC7761A0AD13800DA146C /* Release */ = {
			isa = XCBuildConfiguration;
			buildSettings = {
				ALWAYS_SEARCH_USER_PATHS = NO;
				CLANG_CXX_LANGUAGE_STANDARD = "gnu++0x";
				CLANG_CXX_LIBRARY = "libc++";
				CLANG_ENABLE_MODULES = YES;
				CLANG_ENABLE_OBJC_ARC = YES;
				CLANG_WARN_BOOL_CONVERSION = YES;
				CLANG_WARN_CONSTANT_CONVERSION = YES;
				CLANG_WARN_DIRECT_OBJC_ISA_USAGE = YES_ERROR;
				CLANG_WARN_EMPTY_BODY = YES;
				CLANG_WARN_ENUM_CONVERSION = YES;
				CLANG_WARN_INT_CONVERSION = YES;
				CLANG_WARN_OBJC_ROOT_CLASS = YES_ERROR;
				CLANG_WARN_UNREACHABLE_CODE = YES;
				CLANG_WARN__DUPLICATE_METHOD_MATCH = YES;
				"CODE_SIGN_IDENTITY[sdk=iphoneos*]" = "iPhone Developer";
				COPY_PHASE_STRIP = YES;
				ENABLE_NS_ASSERTIONS = NO;
				ENABLE_STRICT_OBJC_MSGSEND = YES;
				GCC_C_LANGUAGE_STANDARD = gnu99;
				GCC_WARN_64_TO_32_BIT_CONVERSION = YES;
				GCC_WARN_ABOUT_RETURN_TYPE = YES_ERROR;
				GCC_WARN_UNDECLARED_SELECTOR = YES;
				GCC_WARN_UNINITIALIZED_AUTOS = YES_AGGRESSIVE;
				GCC_WARN_UNUSED_FUNCTION = YES;
				GCC_WARN_UNUSED_VARIABLE = YES;
				IPHONEOS_DEPLOYMENT_TARGET = 8.1;
				MTL_ENABLE_DEBUG_INFO = NO;
				SDKROOT = iphoneos;
				TARGETED_DEVICE_FAMILY = 2;
				VALIDATE_PRODUCT = YES;
			};
			name = Release;
		};
		300FC7781A0AD13800DA146C /* Debug */ = {
			isa = XCBuildConfiguration;
			buildSettings = {
				ASSETCATALOG_COMPILER_APPICON_NAME = AppIcon;
				INFOPLIST_FILE = InstantSynch/Info.plist;
				LD_RUNPATH_SEARCH_PATHS = "$(inherited) @executable_path/Frameworks";
				PRODUCT_NAME = "$(TARGET_NAME)";
				TARGETED_DEVICE_FAMILY = 2;
			};
			name = Debug;
		};
		300FC7791A0AD13800DA146C /* Release */ = {
			isa = XCBuildConfiguration;
			buildSettings = {
				ASSETCATALOG_COMPILER_APPICON_NAME = AppIcon;
				INFOPLIST_FILE = InstantSynch/Info.plist;
				LD_RUNPATH_SEARCH_PATHS = "$(inherited) @executable_path/Frameworks";
				PRODUCT_NAME = "$(TARGET_NAME)";
				TARGETED_DEVICE_FAMILY = 2;
			};
			name = Release;
		};
		300FC77B1A0AD13800DA146C /* Debug */ = {
			isa = XCBuildConfiguration;
			buildSettings = {
				BUNDLE_LOADER = "$(TEST_HOST)";
				FRAMEWORK_SEARCH_PATHS = (
					"$(SDKROOT)/Developer/Library/Frameworks",
					"$(inherited)",
				);
				GCC_PREPROCESSOR_DEFINITIONS = (
					"DEBUG=1",
					"$(inherited)",
				);
				INFOPLIST_FILE = InstantSynchTests/Info.plist;
				LD_RUNPATH_SEARCH_PATHS = "$(inherited) @executable_path/Frameworks @loader_path/Frameworks";
				PRODUCT_NAME = "$(TARGET_NAME)";
				TEST_HOST = "$(BUILT_PRODUCTS_DIR)/InstantSynch.app/InstantSynch";
			};
			name = Debug;
		};
		300FC77C1A0AD13800DA146C /* Release */ = {
			isa = XCBuildConfiguration;
			buildSettings = {
				BUNDLE_LOADER = "$(TEST_HOST)";
				FRAMEWORK_SEARCH_PATHS = (
					"$(SDKROOT)/Developer/Library/Frameworks",
					"$(inherited)",
				);
				INFOPLIST_FILE = InstantSynchTests/Info.plist;
				LD_RUNPATH_SEARCH_PATHS = "$(inherited) @executable_path/Frameworks @loader_path/Frameworks";
				PRODUCT_NAME = "$(TARGET_NAME)";
				TEST_HOST = "$(BUILT_PRODUCTS_DIR)/InstantSynch.app/InstantSynch";
			};
			name = Release;
		};
/* End XCBuildConfiguration section */

/* Begin XCConfigurationList section */
		300FC74F1A0AD13800DA146C /* Build configuration list for PBXProject "InstantSynch" */ = {
			isa = XCConfigurationList;
			buildConfigurations = (
				300FC7751A0AD13800DA146C /* Debug */,
				300FC7761A0AD13800DA146C /* Release */,
			);
			defaultConfigurationIsVisible = 0;
			defaultConfigurationName = Release;
		};
		300FC7771A0AD13800DA146C /* Build configuration list for PBXNativeTarget "InstantSynch" */ = {
			isa = XCConfigurationList;
			buildConfigurations = (
				300FC7781A0AD13800DA146C /* Debug */,
				300FC7791A0AD13800DA146C /* Release */,
			);
			defaultConfigurationIsVisible = 0;
			defaultConfigurationName = Release;
		};
		300FC77A1A0AD13800DA146C /* Build configuration list for PBXNativeTarget "InstantSynchTests" */ = {
			isa = XCConfigurationList;
			buildConfigurations = (
				300FC77B1A0AD13800DA146C /* Debug */,
				300FC77C1A0AD13800DA146C /* Release */,
			);
			defaultConfigurationIsVisible = 0;
			defaultConfigurationName = Release;
		};
/* End XCConfigurationList section */
	};
	rootObject = 300FC74C1A0AD13800DA146C /* Project object */;
}
